
Microsoft Visual Studio Solution File, Format Version 12.00
# Visual Studio 15
VisualStudioVersion = 15.0.28307.539
MinimumVisualStudioVersion = 10.0.40219.1
Project("{FAE04EC0-301F-11D3-BF4B-00C04F79EFBC}") = "Azure_0517", "Azure_0517\Azure_0517.csproj", "{E0D91922-AC0C-45A1-B52F-4C08DA8546B0}"
EndProject
Global
	GlobalSection(SolutionConfigurationPlatforms) = preSolution
		Debug|Any CPU = Debug|Any CPU
		Release|Any CPU = Release|Any CPU
	EndGlobalSection
	GlobalSection(ProjectConfigurationPlatforms) = postSolution
		{E0D91922-AC0C-45A1-B52F-4C08DA8546B0}.Debug|Any CPU.ActiveCfg = Debug|Any CPU
		{E0D91922-AC0C-45A1-B52F-4C08DA8546B0}.Debug|Any CPU.Build.0 = Debug|Any CPU
		{E0D91922-AC0C-45A1-B52F-4C08DA8546B0}.Release|Any CPU.ActiveCfg = Release|Any CPU
		{E0D91922-AC0C-45A1-B52F-4C08DA8546B0}.Release|Any CPU.Build.0 = Release|Any CPU
	EndGlobalSection
	GlobalSection(SolutionProperties) = preSolution
		HideSolutionNode = FALSE
	EndGlobalSection
	GlobalSection(ExtensibilityGlobals) = postSolution
		SolutionGuid = {DDD7A9D5-3AD1-4AE8-9775-613DD81712D8}
	EndGlobalSection
EndGlobal
